
Microsoft Visual Studio Solution File, Format Version 12.00
# Visual Studio Version 17
VisualStudioVersion = 17.0.31912.275
MinimumVisualStudioVersion = 10.0.40219.1
Project("{9A19103F-16F7-4668-BE54-9A1E7A4F7556}") = "TestApi", "TestApi\TestApi.csproj", "{52FD7342-8E44-4A1B-8BF3-AD5EAC907E00}"
EndProject
Project("{FAE04EC0-301F-11D3-BF4B-00C04F79EFBC}") = "TestApi.XTest", "TestApi.XTest\TestApi.XTest.csproj", "{4E3FA92B-80DC-443B-8AFE-4EDBAED0833A}"
EndProject
Project("{E53339B2-1760-4266-BCC7-CA923CBCF16C}") = "docker-compose", "docker-compose.dcproj", "{40B74029-9D33-468D-A0AD-DEDB063E2328}"
EndProject
Global
	GlobalSection(SolutionConfigurationPlatforms) = preSolution
		Debug|Any CPU = Debug|Any CPU
		Release|Any CPU = Release|Any CPU
	EndGlobalSection
	GlobalSection(ProjectConfigurationPlatforms) = postSolution
		{52FD7342-8E44-4A1B-8BF3-AD5EAC907E00}.Debug|Any CPU.ActiveCfg = Debug|Any CPU
		{52FD7342-8E44-4A1B-8BF3-AD5EAC907E00}.Debug|Any CPU.Build.0 = Debug|Any CPU
		{52FD7342-8E44-4A1B-8BF3-AD5EAC907E00}.Release|Any CPU.ActiveCfg = Release|Any CPU
		{52FD7342-8E44-4A1B-8BF3-AD5EAC907E00}.Release|Any CPU.Build.0 = Release|Any CPU
		{4E3FA92B-80DC-443B-8AFE-4EDBAED0833A}.Debug|Any CPU.ActiveCfg = Debug|Any CPU
		{4E3FA92B-80DC-443B-8AFE-4EDBAED0833A}.Debug|Any CPU.Build.0 = Debug|Any CPU
		{4E3FA92B-80DC-443B-8AFE-4EDBAED0833A}.Release|Any CPU.ActiveCfg = Release|Any CPU
		{4E3FA92B-80DC-443B-8AFE-4EDBAED0833A}.Release|Any CPU.Build.0 = Release|Any CPU
		{40B74029-9D33-468D-A0AD-DEDB063E2328}.Debug|Any CPU.ActiveCfg = Debug|Any CPU
		{40B74029-9D33-468D-A0AD-DEDB063E2328}.Debug|Any CPU.Build.0 = Debug|Any CPU
		{40B74029-9D33-468D-A0AD-DEDB063E2328}.Release|Any CPU.ActiveCfg = Release|Any CPU
		{40B74029-9D33-468D-A0AD-DEDB063E2328}.Release|Any CPU.Build.0 = Release|Any CPU
	EndGlobalSection
	GlobalSection(SolutionProperties) = preSolution
		HideSolutionNode = FALSE
	EndGlobalSection
	GlobalSection(ExtensibilityGlobals) = postSolution
		SolutionGuid = {6FB460A5-6AAE-4AA3-BA9A-AEF956403E31}
	EndGlobalSection
EndGlobal
